Microsoft Visual Studio Solution File, Format Version 8.00
Project("{8BC9CEB8-8B4A-11D0-8D11-00A0C91BC942}") = "cppunit", "cppunit.vcproj", "{9130CB34-39A5-4B81-AB87-8D45CADC5032}"
	ProjectSection(ProjectDependencies) = postProject
	EndProjectSection
EndProject
Global
	GlobalSection(SolutionConfiguration) = preSolution
		Debug = Debug
		Release = Release
	EndGlobalSection
	GlobalSection(ProjectConfiguration) = postSolution
		{9130CB34-39A5-4B81-AB87-8D45CADC5032}.Debug.ActiveCfg = Debug|Win32
		{9130CB34-39A5-4B81-AB87-8D45CADC5032}.Debug.Build.0 = Debug|Win32
		{9130CB34-39A5-4B81-AB87-8D45CADC5032}.Release.ActiveCfg = Release|Win32
		{9130CB34-39A5-4B81-AB87-8D45CADC5032}.Release.Build.0 = Release|Win32
	EndGlobalSection
	GlobalSection(ExtensibilityGlobals) = postSolution
	EndGlobalSection
	GlobalSection(ExtensibilityAddIns) = postSolution
	EndGlobalSection
EndGlobal
